
Microsoft Visual Studio Solution File, Format Version 12.00
# Visual Studio Version 17
VisualStudioVersion = 17.5.33516.290
MinimumVisualStudioVersion = 10.0.40219.1
Project("{FAE04EC0-301F-11D3-BF4B-00C04F79EFBC}") = "CandidatesApi", "CandidatesApi\CandidatesApi.csproj", "{138A0879-A63C-4EAF-9656-69541F5FDB6D}"
EndProject
Project("{FAE04EC0-301F-11D3-BF4B-00C04F79EFBC}") = "VotesApi", "VotesApi\VotesApi.csproj", "{741BC0AA-A575-4922-8592-0137B2AAD890}"
EndProject
Project("{FAE04EC0-301F-11D3-BF4B-00C04F79EFBC}") = "StatisticsApi", "StatisticsApi\StatisticsApi.csproj", "{BA12A456-22B3-4118-9D0F-4CE87760D9A7}"
EndProject
Global
	GlobalSection(SolutionConfigurationPlatforms) = preSolution
		Debug|Any CPU = Debug|Any CPU
		Release|Any CPU = Release|Any CPU
	EndGlobalSection
	GlobalSection(ProjectConfigurationPlatforms) = postSolution
		{138A0879-A63C-4EAF-9656-69541F5FDB6D}.Debug|Any CPU.ActiveCfg = Debug|Any CPU
		{138A0879-A63C-4EAF-9656-69541F5FDB6D}.Debug|Any CPU.Build.0 = Debug|Any CPU
		{138A0879-A63C-4EAF-9656-69541F5FDB6D}.Release|Any CPU.ActiveCfg = Release|Any CPU
		{138A0879-A63C-4EAF-9656-69541F5FDB6D}.Release|Any CPU.Build.0 = Release|Any CPU
		{741BC0AA-A575-4922-8592-0137B2AAD890}.Debug|Any CPU.ActiveCfg = Debug|Any CPU
		{741BC0AA-A575-4922-8592-0137B2AAD890}.Debug|Any CPU.Build.0 = Debug|Any CPU
		{741BC0AA-A575-4922-8592-0137B2AAD890}.Release|Any CPU.ActiveCfg = Release|Any CPU
		{741BC0AA-A575-4922-8592-0137B2AAD890}.Release|Any CPU.Build.0 = Release|Any CPU
		{BA12A456-22B3-4118-9D0F-4CE87760D9A7}.Debug|Any CPU.ActiveCfg = Debug|Any CPU
		{BA12A456-22B3-4118-9D0F-4CE87760D9A7}.Debug|Any CPU.Build.0 = Debug|Any CPU
		{BA12A456-22B3-4118-9D0F-4CE87760D9A7}.Release|Any CPU.ActiveCfg = Release|Any CPU
		{BA12A456-22B3-4118-9D0F-4CE87760D9A7}.Release|Any CPU.Build.0 = Release|Any CPU
	EndGlobalSection
	GlobalSection(SolutionProperties) = preSolution
		HideSolutionNode = FALSE
	EndGlobalSection
	GlobalSection(ExtensibilityGlobals) = postSolution
		SolutionGuid = {36BFCABB-7F32-4ED0-8D92-8BFCAAECBAA2}
	EndGlobalSection
EndGlobal
